
Microsoft Visual Studio Solution File, Format Version 12.00
# Visual Studio 2013
VisualStudioVersion = 12.0.21005.1
MinimumVisualStudioVersion = 10.0.40219.1
Project("{8BC9CEB8-8B4A-11D0-8D11-00A0C91BC942}") = "数据结构课设1111", "数据结构课设1111\数据结构课设1111.vcxproj", "{21D83F82-6B63-4F9A-B3D6-F9EF39EAA27E}"
EndProject
Global
	GlobalSection(SolutionConfigurationPlatforms) = preSolution
		Debug|Win32 = Debug|Win32
		Release|Win32 = Release|Win32
	EndGlobalSection
	GlobalSection(ProjectConfigurationPlatforms) = postSolution
		{21D83F82-6B63-4F9A-B3D6-F9EF39EAA27E}.Debug|Win32.ActiveCfg = Debug|Win32
		{21D83F82-6B63-4F9A-B3D6-F9EF39EAA27E}.Debug|Win32.Build.0 = Debug|Win32
		{21D83F82-6B63-4F9A-B3D6-F9EF39EAA27E}.Release|Win32.ActiveCfg = Release|Win32
		{21D83F82-6B63-4F9A-B3D6-F9EF39EAA27E}.Release|Win32.Build.0 = Release|Win32
	EndGlobalSection
	GlobalSection(SolutionProperties) = preSolution
		HideSolutionNode = FALSE
	EndGlobalSection
EndGlobal
